
Microsoft Visual Studio Solution File, Format Version 12.00
# Visual Studio Version 17
VisualStudioVersion = 17.0.31903.59
MinimumVisualStudioVersion = 10.0.40219.1
Project("{FAE04EC0-301F-11D3-BF4B-00C04F79EFBC}") = "PayrollSlipApp", "src\PayrollSlipApp\PayrollSlipApp.csproj", "{A1B2C3D4-E5F6-7890-ABCD-EF1234567890}"
EndProject
Project("{2150E333-8FDC-42A3-9474-1A3956D46DE8}") = "tools", "tools", "{07C2787E-EAC7-C090-1BA3-A61EC2A24D84}"
EndProject
Project("{FAE04EC0-301F-11D3-BF4B-00C04F79EFBC}") = "ColumnDiag", "tools\ColumnDiag\ColumnDiag.csproj", "{43E6444F-5E9A-4664-86AB-91E5A7B4C333}"
EndProject
Project("{FAE04EC0-301F-11D3-BF4B-00C04F79EFBC}") = "GenTest", "tools\GenTest\GenTest.csproj", "{A1D54B8D-BED1-4D37-8D7E-AD4B7D276113}"
EndProject
Project("{2150E333-8FDC-42A3-9474-1A3956D46DE8}") = "src", "src", "{827E0CD3-B72D-47B6-A68D-7590B98EB39B}"
EndProject
Project("{FAE04EC0-301F-11D3-BF4B-00C04F79EFBC}") = "FooterImage", "tools\FooterImage\FooterImage.csproj", "{70BC0C23-EF3B-40F3-BCF1-F581F5216BD8}"
EndProject
Project("{FAE04EC0-301F-11D3-BF4B-00C04F79EFBC}") = "TemplateInfoLtr", "tools\TemplateInfoLtr\TemplateInfoLtr.csproj", "{66684390-CF03-457B-993D-283EAAACDC3C}"
EndProject
Global
	GlobalSection(SolutionConfigurationPlatforms) = preSolution
		Debug|Any CPU = Debug|Any CPU
		Debug|x64 = Debug|x64
		Debug|x86 = Debug|x86
		Release|Any CPU = Release|Any CPU
		Release|x64 = Release|x64
		Release|x86 = Release|x86
	EndGlobalSection
	GlobalSection(ProjectConfigurationPlatforms) = postSolution
		{A1B2C3D4-E5F6-7890-ABCD-EF1234567890}.Debug|Any CPU.ActiveCfg = Debug|Any CPU
		{A1B2C3D4-E5F6-7890-ABCD-EF1234567890}.Debug|Any CPU.Build.0 = Debug|Any CPU
		{A1B2C3D4-E5F6-7890-ABCD-EF1234567890}.Debug|x64.ActiveCfg = Debug|Any CPU
		{A1B2C3D4-E5F6-7890-ABCD-EF1234567890}.Debug|x64.Build.0 = Debug|Any CPU
		{A1B2C3D4-E5F6-7890-ABCD-EF1234567890}.Debug|x86.ActiveCfg = Debug|Any CPU
		{A1B2C3D4-E5F6-7890-ABCD-EF1234567890}.Debug|x86.Build.0 = Debug|Any CPU
		{A1B2C3D4-E5F6-7890-ABCD-EF1234567890}.Release|Any CPU.ActiveCfg = Release|Any CPU
		{A1B2C3D4-E5F6-7890-ABCD-EF1234567890}.Release|Any CPU.Build.0 = Release|Any CPU
		{A1B2C3D4-E5F6-7890-ABCD-EF1234567890}.Release|x64.ActiveCfg = Release|Any CPU
		{A1B2C3D4-E5F6-7890-ABCD-EF1234567890}.Release|x64.Build.0 = Release|Any CPU
		{A1B2C3D4-E5F6-7890-ABCD-EF1234567890}.Release|x86.ActiveCfg = Release|Any CPU
		{A1B2C3D4-E5F6-7890-ABCD-EF1234567890}.Release|x86.Build.0 = Release|Any CPU
		{43E6444F-5E9A-4664-86AB-91E5A7B4C333}.Debug|Any CPU.ActiveCfg = Debug|Any CPU
		{43E6444F-5E9A-4664-86AB-91E5A7B4C333}.Debug|Any CPU.Build.0 = Debug|Any CPU
		{43E6444F-5E9A-4664-86AB-91E5A7B4C333}.Debug|x64.ActiveCfg = Debug|Any CPU
		{43E6444F-5E9A-4664-86AB-91E5A7B4C333}.Debug|x64.Build.0 = Debug|Any CPU
		{43E6444F-5E9A-4664-86AB-91E5A7B4C333}.Debug|x86.ActiveCfg = Debug|Any CPU
		{43E6444F-5E9A-4664-86AB-91E5A7B4C333}.Debug|x86.Build.0 = Debug|Any CPU
		{43E6444F-5E9A-4664-86AB-91E5A7B4C333}.Release|Any CPU.ActiveCfg = Release|Any CPU
		{43E6444F-5E9A-4664-86AB-91E5A7B4C333}.Release|Any CPU.Build.0 = Release|Any CPU
		{43E6444F-5E9A-4664-86AB-91E5A7B4C333}.Release|x64.ActiveCfg = Release|Any CPU
		{43E6444F-5E9A-4664-86AB-91E5A7B4C333}.Release|x64.Build.0 = Release|Any CPU
		{43E6444F-5E9A-4664-86AB-91E5A7B4C333}.Release|x86.ActiveCfg = Release|Any CPU
		{43E6444F-5E9A-4664-86AB-91E5A7B4C333}.Release|x86.Build.0 = Release|Any CPU
		{A1D54B8D-BED1-4D37-8D7E-AD4B7D276113}.Debug|Any CPU.ActiveCfg = Debug|Any CPU
		{A1D54B8D-BED1-4D37-8D7E-AD4B7D276113}.Debug|Any CPU.Build.0 = Debug|Any CPU
		{A1D54B8D-BED1-4D37-8D7E-AD4B7D276113}.Debug|x64.ActiveCfg = Debug|Any CPU
		{A1D54B8D-BED1-4D37-8D7E-AD4B7D276113}.Debug|x64.Build.0 = Debug|Any CPU
		{A1D54B8D-BED1-4D37-8D7E-AD4B7D276113}.Debug|x86.ActiveCfg = Debug|Any CPU
		{A1D54B8D-BED1-4D37-8D7E-AD4B7D276113}.Debug|x86.Build.0 = Debug|Any CPU
		{A1D54B8D-BED1-4D37-8D7E-AD4B7D276113}.Release|Any CPU.ActiveCfg = Release|Any CPU
		{A1D54B8D-BED1-4D37-8D7E-AD4B7D276113}.Release|Any CPU.Build.0 = Release|Any CPU
		{A1D54B8D-BED1-4D37-8D7E-AD4B7D276113}.Release|x64.ActiveCfg = Release|Any CPU
		{A1D54B8D-BED1-4D37-8D7E-AD4B7D276113}.Release|x64.Build.0 = Release|Any CPU
		{A1D54B8D-BED1-4D37-8D7E-AD4B7D276113}.Release|x86.ActiveCfg = Release|Any CPU
		{A1D54B8D-BED1-4D37-8D7E-AD4B7D276113}.Release|x86.Build.0 = Release|Any CPU
		{70BC0C23-EF3B-40F3-BCF1-F581F5216BD8}.Debug|Any CPU.ActiveCfg = Debug|Any CPU
		{70BC0C23-EF3B-40F3-BCF1-F581F5216BD8}.Debug|Any CPU.Build.0 = Debug|Any CPU
		{70BC0C23-EF3B-40F3-BCF1-F581F5216BD8}.Debug|x64.ActiveCfg = Debug|Any CPU
		{70BC0C23-EF3B-40F3-BCF1-F581F5216BD8}.Debug|x64.Build.0 = Debug|Any CPU
		{70BC0C23-EF3B-40F3-BCF1-F581F5216BD8}.Debug|x86.ActiveCfg = Debug|Any CPU
		{70BC0C23-EF3B-40F3-BCF1-F581F5216BD8}.Debug|x86.Build.0 = Debug|Any CPU
		{70BC0C23-EF3B-40F3-BCF1-F581F5216BD8}.Release|Any CPU.ActiveCfg = Release|Any CPU
		{70BC0C23-EF3B-40F3-BCF1-F581F5216BD8}.Release|Any CPU.Build.0 = Release|Any CPU
		{70BC0C23-EF3B-40F3-BCF1-F581F5216BD8}.Release|x64.ActiveCfg = Release|Any CPU
		{70BC0C23-EF3B-40F3-BCF1-F581F5216BD8}.Release|x64.Build.0 = Release|Any CPU
		{70BC0C23-EF3B-40F3-BCF1-F581F5216BD8}.Release|x86.ActiveCfg = Release|Any CPU
		{70BC0C23-EF3B-40F3-BCF1-F581F5216BD8}.Release|x86.Build.0 = Release|Any CPU
		{66684390-CF03-457B-993D-283EAAACDC3C}.Debug|Any CPU.ActiveCfg = Debug|Any CPU
		{66684390-CF03-457B-993D-283EAAACDC3C}.Debug|Any CPU.Build.0 = Debug|Any CPU
		{66684390-CF03-457B-993D-283EAAACDC3C}.Debug|x64.ActiveCfg = Debug|Any CPU
		{66684390-CF03-457B-993D-283EAAACDC3C}.Debug|x64.Build.0 = Debug|Any CPU
		{66684390-CF03-457B-993D-283EAAACDC3C}.Debug|x86.ActiveCfg = Debug|Any CPU
		{66684390-CF03-457B-993D-283EAAACDC3C}.Debug|x86.Build.0 = Debug|Any CPU
		{66684390-CF03-457B-993D-283EAAACDC3C}.Release|Any CPU.ActiveCfg = Release|Any CPU
		{66684390-CF03-457B-993D-283EAAACDC3C}.Release|Any CPU.Build.0 = Release|Any CPU
		{66684390-CF03-457B-993D-283EAAACDC3C}.Release|x64.ActiveCfg = Release|Any CPU
		{66684390-CF03-457B-993D-283EAAACDC3C}.Release|x64.Build.0 = Release|Any CPU
		{66684390-CF03-457B-993D-283EAAACDC3C}.Release|x86.ActiveCfg = Release|Any CPU
		{66684390-CF03-457B-993D-283EAAACDC3C}.Release|x86.Build.0 = Release|Any CPU
	EndGlobalSection
	GlobalSection(SolutionProperties) = preSolution
		HideSolutionNode = FALSE
	EndGlobalSection
	GlobalSection(NestedProjects) = preSolution
		{43E6444F-5E9A-4664-86AB-91E5A7B4C333} = {07C2787E-EAC7-C090-1BA3-A61EC2A24D84}
		{A1D54B8D-BED1-4D37-8D7E-AD4B7D276113} = {07C2787E-EAC7-C090-1BA3-A61EC2A24D84}
		{70BC0C23-EF3B-40F3-BCF1-F581F5216BD8} = {07C2787E-EAC7-C090-1BA3-A61EC2A24D84}
		{66684390-CF03-457B-993D-283EAAACDC3C} = {07C2787E-EAC7-C090-1BA3-A61EC2A24D84}
	EndGlobalSection
EndGlobal
